
Microsoft Visual Studio Solution File, Format Version 12.00
# Visual Studio Version 16
VisualStudioVersion = 16.0.29503.13
MinimumVisualStudioVersion = 10.0.40219.1
Project("{9A19103F-16F7-4668-BE54-9A1E7A4F7556}") = "WebAPIStudy", "WebAPIStudy.csproj", "{92802AF4-15C0-4A55-982E-DB05237954A2}"
EndProject
Project("{9A19103F-16F7-4668-BE54-9A1E7A4F7556}") = "TaskModels", "..\TaskModels\TaskModels.csproj", "{8FA69B76-11F5-480C-8D36-E6586455D245}"
EndProject
Project("{FAE04EC0-301F-11D3-BF4B-00C04F79EFBC}") = "ConsoleAppTest", "..\ConsoleAppTest\ConsoleAppTest.csproj", "{6C57B7F6-5F8C-423D-A848-DAC4BA00B186}"
EndProject
Project("{FAE04EC0-301F-11D3-BF4B-00C04F79EFBC}") = "DependencyDll", "..\DependencyDll\DependencyDll.csproj", "{AD374E3D-C6FA-4365-B9DA-916BD5AE599A}"
EndProject
Global
	GlobalSection(SolutionConfigurationPlatforms) = preSolution
		Debug|Any CPU = Debug|Any CPU
		Release|Any CPU = Release|Any CPU
	EndGlobalSection
	GlobalSection(ProjectConfigurationPlatforms) = postSolution
		{92802AF4-15C0-4A55-982E-DB05237954A2}.Debug|Any CPU.ActiveCfg = Debug|Any CPU
		{92802AF4-15C0-4A55-982E-DB05237954A2}.Debug|Any CPU.Build.0 = Debug|Any CPU
		{92802AF4-15C0-4A55-982E-DB05237954A2}.Release|Any CPU.ActiveCfg = Release|Any CPU
		{92802AF4-15C0-4A55-982E-DB05237954A2}.Release|Any CPU.Build.0 = Release|Any CPU
		{8FA69B76-11F5-480C-8D36-E6586455D245}.Debug|Any CPU.ActiveCfg = Debug|Any CPU
		{8FA69B76-11F5-480C-8D36-E6586455D245}.Debug|Any CPU.Build.0 = Debug|Any CPU
		{8FA69B76-11F5-480C-8D36-E6586455D245}.Release|Any CPU.ActiveCfg = Release|Any CPU
		{8FA69B76-11F5-480C-8D36-E6586455D245}.Release|Any CPU.Build.0 = Release|Any CPU
		{6C57B7F6-5F8C-423D-A848-DAC4BA00B186}.Debug|Any CPU.ActiveCfg = Debug|Any CPU
		{6C57B7F6-5F8C-423D-A848-DAC4BA00B186}.Debug|Any CPU.Build.0 = Debug|Any CPU
		{6C57B7F6-5F8C-423D-A848-DAC4BA00B186}.Release|Any CPU.ActiveCfg = Release|Any CPU
		{6C57B7F6-5F8C-423D-A848-DAC4BA00B186}.Release|Any CPU.Build.0 = Release|Any CPU
		{AD374E3D-C6FA-4365-B9DA-916BD5AE599A}.Debug|Any CPU.ActiveCfg = Debug|Any CPU
		{AD374E3D-C6FA-4365-B9DA-916BD5AE599A}.Debug|Any CPU.Build.0 = Debug|Any CPU
		{AD374E3D-C6FA-4365-B9DA-916BD5AE599A}.Release|Any CPU.ActiveCfg = Release|Any CPU
		{AD374E3D-C6FA-4365-B9DA-916BD5AE599A}.Release|Any CPU.Build.0 = Release|Any CPU
	EndGlobalSection
	GlobalSection(SolutionProperties) = preSolution
		HideSolutionNode = FALSE
	EndGlobalSection
	GlobalSection(ExtensibilityGlobals) = postSolution
		SolutionGuid = {46239A04-A3CA-408B-AB88-03081BCE70F4}
	EndGlobalSection
EndGlobal
