
Microsoft Visual Studio Solution File, Format Version 12.00
# Visual Studio Version 16
VisualStudioVersion = 16.0.29503.13
MinimumVisualStudioVersion = 10.0.40219.1
Project("{9A19103F-16F7-4668-BE54-9A1E7A4F7556}") = "WebAPIStudy", "WebAPIStudy.csproj", "{92802AF4-15C0-4A55-982E-DB05237954A2}"
EndProject
Project("{9A19103F-16F7-4668-BE54-9A1E7A4F7556}") = "BooksApi", "..\BooksApi\BooksApi.csproj", "{41D0144A-3BDA-4B67-A95E-A18F6F4A0883}"
EndProject
Project("{9A19103F-16F7-4668-BE54-9A1E7A4F7556}") = "TaskModels", "..\TaskModels\TaskModels.csproj", "{28EF81EA-A994-432E-A7E5-DB5787746C2E}"
EndProject
Global
	GlobalSection(SolutionConfigurationPlatforms) = preSolution
		Debug|Any CPU = Debug|Any CPU
		Release|Any CPU = Release|Any CPU
	EndGlobalSection
	GlobalSection(ProjectConfigurationPlatforms) = postSolution
		{92802AF4-15C0-4A55-982E-DB05237954A2}.Debug|Any CPU.ActiveCfg = Debug|Any CPU
		{92802AF4-15C0-4A55-982E-DB05237954A2}.Debug|Any CPU.Build.0 = Debug|Any CPU
		{92802AF4-15C0-4A55-982E-DB05237954A2}.Release|Any CPU.ActiveCfg = Release|Any CPU
		{92802AF4-15C0-4A55-982E-DB05237954A2}.Release|Any CPU.Build.0 = Release|Any CPU
		{41D0144A-3BDA-4B67-A95E-A18F6F4A0883}.Debug|Any CPU.ActiveCfg = Debug|Any CPU
		{41D0144A-3BDA-4B67-A95E-A18F6F4A0883}.Debug|Any CPU.Build.0 = Debug|Any CPU
		{41D0144A-3BDA-4B67-A95E-A18F6F4A0883}.Release|Any CPU.ActiveCfg = Release|Any CPU
		{41D0144A-3BDA-4B67-A95E-A18F6F4A0883}.Release|Any CPU.Build.0 = Release|Any CPU
		{28EF81EA-A994-432E-A7E5-DB5787746C2E}.Debug|Any CPU.ActiveCfg = Debug|Any CPU
		{28EF81EA-A994-432E-A7E5-DB5787746C2E}.Debug|Any CPU.Build.0 = Debug|Any CPU
		{28EF81EA-A994-432E-A7E5-DB5787746C2E}.Release|Any CPU.ActiveCfg = Release|Any CPU
		{28EF81EA-A994-432E-A7E5-DB5787746C2E}.Release|Any CPU.Build.0 = Release|Any CPU
	EndGlobalSection
	GlobalSection(SolutionProperties) = preSolution
		HideSolutionNode = FALSE
	EndGlobalSection
	GlobalSection(ExtensibilityGlobals) = postSolution
		SolutionGuid = {46239A04-A3CA-408B-AB88-03081BCE70F4}
	EndGlobalSection
EndGlobal
